// !$*UTF8*$!
{
	archiveVersion = 1;
	classes = {
	};
	objectVersion = 46;
	objects = {

/* Begin PBXBuildFile section */
		FC5D70A91C04591100B2E303 /* main.m in Sources */ = {isa = PBXBuildFile; fileRef = FC5D70A81C04591100B2E303 /* main.m */; };
		FC5D70AC1C04591100B2E303 /* AppDelegate.m in Sources */ = {isa = PBXBuildFile; fileRef = FC5D70AB1C04591100B2E303 /* AppDelegate.m */; };
		FC5D70AF1C04591100B2E303 /* RecipeListController.m in Sources */ = {isa = PBXBuildFile; fileRef = FC5D70AE1C04591100B2E303 /* RecipeListController.m */; };
		FC5D70B21C04591100B2E303 /* CookbookListController.m in Sources */ = {isa = PBXBuildFile; fileRef = FC5D70B11C04591100B2E303 /* CookbookListController.m */; };
		FC5D70B51C04591100B2E303 /* Main.storyboard in Resources */ = {isa = PBXBuildFile; fileRef = FC5D70B31C04591100B2E303 /* Main.storyboard */; };
		FC5D70B71C04591100B2E303 /* Images.xcassets in Resources */ = {isa = PBXBuildFile; fileRef = FC5D70B61C04591100B2E303 /* Images.xcassets */; };
		FC5D70BA1C04591100B2E303 /* LaunchScreen.xib in Resources */ = {isa = PBXBuildFile; fileRef = FC5D70B81C04591100B2E303 /* LaunchScreen.xib */; };
		FC5D70C61C04591200B2E303 /* NutriListTests.m in Sources */ = {isa = PBXBuildFile; fileRef = FC5D70C51C04591200B2E303 /* NutriListTests.m */; };
		FC5D70D71C045D0C00B2E303 /* ShoppingListController.m in Sources */ = {isa = PBXBuildFile; fileRef = FC5D70D61C045D0C00B2E303 /* ShoppingListController.m */; };
		FC8EDC9D1C0789D10067D142 /* RecipeDetailController.m in Sources */ = {isa = PBXBuildFile; fileRef = FC8EDC9C1C0789D10067D142 /* RecipeDetailController.m */; };
		FC8EDCD31C07964E0067D142 /* UIKit.framework in Frameworks */ = {isa = PBXBuildFile; fileRef = FC8EDCD21C07964E0067D142 /* UIKit.framework */; };
		FC8EDCD71C0796B40067D142 /* AudioToolbox.framework in Frameworks */ = {isa = PBXBuildFile; fileRef = FC8EDCD61C0796B40067D142 /* AudioToolbox.framework */; };
		FC8EDCD91C0796BF0067D142 /* CFNetwork.framework in Frameworks */ = {isa = PBXBuildFile; fileRef = FC8EDCD81C0796BF0067D142 /* CFNetwork.framework */; };
		FC8EDCDB1C0796C90067D142 /* CoreGraphics.framework in Frameworks */ = {isa = PBXBuildFile; fileRef = FC8EDCDA1C0796C90067D142 /* CoreGraphics.framework */; };
		FC8EDCDD1C07970C0067D142 /* CoreLocation.framework in Frameworks */ = {isa = PBXBuildFile; fileRef = FC8EDCDC1C07970C0067D142 /* CoreLocation.framework */; };
		FC8EDCDF1C07971C0067D142 /* QuartzCore.framework in Frameworks */ = {isa = PBXBuildFile; fileRef = FC8EDCDE1C07971C0067D142 /* QuartzCore.framework */; };
		FC8EDCE11C07972B0067D142 /* Security.framework in Frameworks */ = {isa = PBXBuildFile; fileRef = FC8EDCE01C07972B0067D142 /* Security.framework */; };
		FC8EDCE31C0797330067D142 /* StoreKit.framework in Frameworks */ = {isa = PBXBuildFile; fileRef = FC8EDCE21C0797330067D142 /* StoreKit.framework */; };
		FC8EDCE51C0797410067D142 /* SystemConfiguration.framework in Frameworks */ = {isa = PBXBuildFile; fileRef = FC8EDCE41C0797410067D142 /* SystemConfiguration.framework */; };
		FC8EDCE71C0797520067D142 /* libsqlite3.dylib in Frameworks */ = {isa = PBXBuildFile; fileRef = FC8EDCE61C0797520067D142 /* libsqlite3.dylib */; };
		FC8EDCE91C07975A0067D142 /* libz.dylib in Frameworks */ = {isa = PBXBuildFile; fileRef = FC8EDCE81C07975A0067D142 /* libz.dylib */; };
		FC8EDCEC1C0797850067D142 /* Bolts.framework in Frameworks */ = {isa = PBXBuildFile; fileRef = FC8EDCEA1C0797840067D142 /* Bolts.framework */; };
		FC8EDCED1C0797850067D142 /* Parse.framework in Frameworks */ = {isa = PBXBuildFile; fileRef = FC8EDCEB1C0797850067D142 /* Parse.framework */; };
/* End PBXBuildFile section */

/* Begin PBXContainerItemProxy section */
		FC5D70C01C04591200B2E303 /* PBXContainerItemProxy */ = {
			isa = PBXContainerItemProxy;
			containerPortal = FC5D709B1C04591100B2E303 /* Project object */;
			proxyType = 1;
			remoteGlobalIDString = FC5D70A21C04591100B2E303;
			remoteInfo = NutriList;
		};
/* End PBXContainerItemProxy section */

/* Begin PBXFileReference section */
		FC5D70A31C04591100B2E303 /* NutriList.app */ = {isa = PBXFileReference; explicitFileType = wrapper.application; includeInIndex = 0; path = NutriList.app; sourceTree = BUILT_PRODUCTS_DIR; };
		FC5D70A71C04591100B2E303 /* Info.plist */ = {isa = PBXFileReference; lastKnownFileType = text.plist.xml; path = Info.plist; sourceTree = "<group>"; };
		FC5D70A81C04591100B2E303 /* main.m */ = {isa = PBXFileReference; lastKnownFileType = sourcecode.c.objc; path = main.m; sourceTree = "<group>"; };
		FC5D70AA1C04591100B2E303 /* AppDelegate.h */ = {isa = PBXFileReference; lastKnownFileType = sourcecode.c.h; path = AppDelegate.h; sourceTree = "<group>"; };
		FC5D70AB1C04591100B2E303 /* AppDelegate.m */ = {isa = PBXFileReference; lastKnownFileType = sourcecode.c.objc; path = AppDelegate.m; sourceTree = "<group>"; };
		FC5D70AD1C04591100B2E303 /* RecipeListController.h */ = {isa = PBXFileReference; lastKnownFileType = sourcecode.c.h; path = RecipeListController.h; sourceTree = "<group>"; };
		FC5D70AE1C04591100B2E303 /* RecipeListController.m */ = {isa = PBXFileReference; lastKnownFileType = sourcecode.c.objc; path = RecipeListController.m; sourceTree = "<group>"; };
		FC5D70B01C04591100B2E303 /* CookbookListController.h */ = {isa = PBXFileReference; lastKnownFileType = sourcecode.c.h; path = CookbookListController.h; sourceTree = "<group>"; };
		FC5D70B11C04591100B2E303 /* CookbookListController.m */ = {isa = PBXFileReference; lastKnownFileType = sourcecode.c.objc; path = CookbookListController.m; sourceTree = "<group>"; };
		FC5D70B41C04591100B2E303 /* Base */ = {isa = PBXFileReference; lastKnownFileType = file.storyboard; name = Base; path = Base.lproj/Main.storyboard; sourceTree = "<group>"; };
		FC5D70B61C04591100B2E303 /* Images.xcassets */ = {isa = PBXFileReference; lastKnownFileType = folder.assetcatalog; path = Images.xcassets; sourceTree = "<group>"; };
		FC5D70B91C04591100B2E303 /* Base */ = {isa = PBXFileReference; lastKnownFileType = file.xib; name = Base; path = Base.lproj/LaunchScreen.xib; sourceTree = "<group>"; };
		FC5D70BF1C04591200B2E303 /* NutriListTests.xctest */ = {isa = PBXFileReference; explicitFileType = wrapper.cfbundle; includeInIndex = 0; path = NutriListTests.xctest; sourceTree = BUILT_PRODUCTS_DIR; };
		FC5D70C41C04591200B2E303 /* Info.plist */ = {isa = PBXFileReference; lastKnownFileType = text.plist.xml; path = Info.plist; sourceTree = "<group>"; };
		FC5D70C51C04591200B2E303 /* NutriListTests.m */ = {isa = PBXFileReference; lastKnownFileType = sourcecode.c.objc; path = NutriListTests.m; sourceTree = "<group>"; };
		FC5D70D51C045D0B00B2E303 /* ShoppingListController.h */ = {isa = PBXFileReference; fileEncoding = 4; lastKnownFileType = sourcecode.c.h; path = ShoppingListController.h; sourceTree = "<group>"; };
		FC5D70D61C045D0C00B2E303 /* ShoppingListController.m */ = {isa = PBXFileReference; fileEncoding = 4; lastKnownFileType = sourcecode.c.objc; path = ShoppingListController.m; sourceTree = "<group>"; };
		FC8EDC9B1C0789D10067D142 /* RecipeDetailController.h */ = {isa = PBXFileReference; fileEncoding = 4; lastKnownFileType = sourcecode.c.h; path = RecipeDetailController.h; sourceTree = "<group>"; };
		FC8EDC9C1C0789D10067D142 /* RecipeDetailController.m */ = {isa = PBXFileReference; fileEncoding = 4; lastKnownFileType = sourcecode.c.objc; path = RecipeDetailController.m; sourceTree = "<group>"; };
		FC8EDCD21C07964E0067D142 /* UIKit.framework */ = {isa = PBXFileReference; lastKnownFileType = wrapper.framework; name = UIKit.framework; path = System/Library/Frameworks/UIKit.framework; sourceTree = SDKROOT; };
		FC8EDCD61C0796B40067D142 /* AudioToolbox.framework */ = {isa = PBXFileReference; lastKnownFileType = wrapper.framework; name = AudioToolbox.framework; path = System/Library/Frameworks/AudioToolbox.framework; sourceTree = SDKROOT; };
		FC8EDCD81C0796BF0067D142 /* CFNetwork.framework */ = {isa = PBXFileReference; lastKnownFileType = wrapper.framework; name = CFNetwork.framework; path = System/Library/Frameworks/CFNetwork.framework; sourceTree = SDKROOT; };
		FC8EDCDA1C0796C90067D142 /* CoreGraphics.framework */ = {isa = PBXFileReference; lastKnownFileType = wrapper.framework; name = CoreGraphics.framework; path = System/Library/Frameworks/CoreGraphics.framework; sourceTree = SDKROOT; };
		FC8EDCDC1C07970C0067D142 /* CoreLocation.framework */ = {isa = PBXFileReference; lastKnownFileType = wrapper.framework; name = CoreLocation.framework; path = System/Library/Frameworks/CoreLocation.framework; sourceTree = SDKROOT; };
		FC8EDCDE1C07971C0067D142 /* QuartzCore.framework */ = {isa = PBXFileReference; lastKnownFileType = wrapper.framework; name = QuartzCore.framework; path = System/Library/Frameworks/QuartzCore.framework; sourceTree = SDKROOT; };
		FC8EDCE01C07972B0067D142 /* Security.framework */ = {isa = PBXFileReference; lastKnownFileType = wrapper.framework; name = Security.framework; path = System/Library/Frameworks/Security.framework; sourceTree = SDKROOT; };
		FC8EDCE21C0797330067D142 /* StoreKit.framework */ = {isa = PBXFileReference; lastKnownFileType = wrapper.framework; name = StoreKit.framework; path = System/Library/Frameworks/StoreKit.framework; sourceTree = SDKROOT; };
		FC8EDCE41C0797410067D142 /* SystemConfiguration.framework */ = {isa = PBXFileReference; lastKnownFileType = wrapper.framework; name = SystemConfiguration.framework; path = System/Library/Frameworks/SystemConfiguration.framework; sourceTree = SDKROOT; };
		FC8EDCE61C0797520067D142 /* libsqlite3.dylib */ = {isa = PBXFileReference; lastKnownFileType = "compiled.mach-o.dylib"; name = libsqlite3.dylib; path = usr/lib/libsqlite3.dylib; sourceTree = SDKROOT; };
		FC8EDCE81C07975A0067D142 /* libz.dylib */ = {isa = PBXFileReference; lastKnownFileType = "compiled.mach-o.dylib"; name = libz.dylib; path = usr/lib/libz.dylib; sourceTree = SDKROOT; };
		FC8EDCEA1C0797840067D142 /* Bolts.framework */ = {isa = PBXFileReference; lastKnownFileType = wrapper.framework; name = Bolts.framework; path = "../../../../../Downloads/parse-library-1.10.0/Bolts.framework"; sourceTree = "<group>"; };
		FC8EDCEB1C0797850067D142 /* Parse.framework */ = {isa = PBXFileReference; lastKnownFileType = wrapper.framework; name = Parse.framework; path = "../../../../../Downloads/parse-library-1.10.0/Parse.framework"; sourceTree = "<group>"; };
/* End PBXFileReference section */

/* Begin PBXFrameworksBuildPhase section */
		FC5D70A01C04591100B2E303 /* Frameworks */ = {
			isa = PBXFrameworksBuildPhase;
			buildActionMask = 2147483647;
			files = (
				FC8EDCE91C07975A0067D142 /* libz.dylib in Frameworks */,
				FC8EDCE71C0797520067D142 /* libsqlite3.dylib in Frameworks */,
				FC8EDCE51C0797410067D142 /* SystemConfiguration.framework in Frameworks */,
				FC8EDCEC1C0797850067D142 /* Bolts.framework in Frameworks */,
				FC8EDCE31C0797330067D142 /* StoreKit.framework in Frameworks */,
				FC8EDCE11C07972B0067D142 /* Security.framework in Frameworks */,
				FC8EDCED1C0797850067D142 /* Parse.framework in Frameworks */,
				FC8EDCDF1C07971C0067D142 /* QuartzCore.framework in Frameworks */,
				FC8EDCDD1C07970C0067D142 /* CoreLocation.framework in Frameworks */,
				FC8EDCDB1C0796C90067D142 /* CoreGraphics.framework in Frameworks */,
				FC8EDCD91C0796BF0067D142 /* CFNetwork.framework in Frameworks */,
				FC8EDCD71C0796B40067D142 /* AudioToolbox.framework in Frameworks */,
				FC8EDCD31C07964E0067D142 /* UIKit.framework in Frameworks */,
			);
			runOnlyForDeploymentPostprocessing = 0;
		};
		FC5D70BC1C04591200B2E303 /* Frameworks */ = {
			isa = PBXFrameworksBuildPhase;
			buildActionMask = 2147483647;
			files = (
			);
			runOnlyForDeploymentPostprocessing = 0;
		};
/* End PBXFrameworksBuildPhase section */

/* Begin PBXGroup section */
		FC5D709A1C04591100B2E303 = {
			isa = PBXGroup;
			children = (
				FC8EDCEE1C07F74F0067D142 /* Frameworks */,
				FC5D70A51C04591100B2E303 /* NutriList */,
				FC5D70C21C04591200B2E303 /* NutriListTests */,
				FC5D70A41C04591100B2E303 /* Products */,
			);
			sourceTree = "<group>";
		};
		FC5D70A41C04591100B2E303 /* Products */ = {
			isa = PBXGroup;
			children = (
				FC5D70A31C04591100B2E303 /* NutriList.app */,
				FC5D70BF1C04591200B2E303 /* NutriListTests.xctest */,
			);
			name = Products;
			sourceTree = "<group>";
		};
		FC5D70A51C04591100B2E303 /* NutriList */ = {
			isa = PBXGroup;
			children = (
				FC5D70D51C045D0B00B2E303 /* ShoppingListController.h */,
				FC5D70D61C045D0C00B2E303 /* ShoppingListController.m */,
				FC5D70AA1C04591100B2E303 /* AppDelegate.h */,
				FC5D70AB1C04591100B2E303 /* AppDelegate.m */,
				FC8EDC9B1C0789D10067D142 /* RecipeDetailController.h */,
				FC8EDC9C1C0789D10067D142 /* RecipeDetailController.m */,
				FC5D70AD1C04591100B2E303 /* RecipeListController.h */,
				FC5D70AE1C04591100B2E303 /* RecipeListController.m */,
				FC5D70B01C04591100B2E303 /* CookbookListController.h */,
				FC5D70B11C04591100B2E303 /* CookbookListController.m */,
				FC5D70B31C04591100B2E303 /* Main.storyboard */,
				FC5D70B61C04591100B2E303 /* Images.xcassets */,
				FC5D70B81C04591100B2E303 /* LaunchScreen.xib */,
				FC5D70A61C04591100B2E303 /* Supporting Files */,
			);
			path = NutriList;
			sourceTree = "<group>";
		};
		FC5D70A61C04591100B2E303 /* Supporting Files */ = {
			isa = PBXGroup;
			children = (
				FC5D70A71C04591100B2E303 /* Info.plist */,
				FC5D70A81C04591100B2E303 /* main.m */,
			);
			name = "Supporting Files";
			sourceTree = "<group>";
		};
		FC5D70C21C04591200B2E303 /* NutriListTests */ = {
			isa = PBXGroup;
			children = (
				FC5D70C51C04591200B2E303 /* NutriListTests.m */,
				FC5D70C31C04591200B2E303 /* Supporting Files */,
			);
			path = NutriListTests;
			sourceTree = "<group>";
		};
		FC5D70C31C04591200B2E303 /* Supporting Files */ = {
			isa = PBXGroup;
			children = (
				FC5D70C41C04591200B2E303 /* Info.plist */,
			);
			name = "Supporting Files";
			sourceTree = "<group>";
		};
		FC8EDCEE1C07F74F0067D142 /* Frameworks */ = {
			isa = PBXGroup;
			children = (
				FC8EDCEA1C0797840067D142 /* Bolts.framework */,
				FC8EDCEB1C0797850067D142 /* Parse.framework */,
				FC8EDCE81C07975A0067D142 /* libz.dylib */,
				FC8EDCE61C0797520067D142 /* libsqlite3.dylib */,
				FC8EDCE41C0797410067D142 /* SystemConfiguration.framework */,
				FC8EDCE21C0797330067D142 /* StoreKit.framework */,
				FC8EDCE01C07972B0067D142 /* Security.framework */,
				FC8EDCDE1C07971C0067D142 /* QuartzCore.framework */,
				FC8EDCDC1C07970C0067D142 /* CoreLocation.framework */,
				FC8EDCDA1C0796C90067D142 /* CoreGraphics.framework */,
				FC8EDCD81C0796BF0067D142 /* CFNetwork.framework */,
				FC8EDCD61C0796B40067D142 /* AudioToolbox.framework */,
				FC8EDCD21C07964E0067D142 /* UIKit.framework */,
			);
			name = Frameworks;
			sourceTree = "<group>";
		};
/* End PBXGroup section */

/* Begin PBXNativeTarget section */
		FC5D70A21C04591100B2E303 /* NutriList */ = {
			isa = PBXNativeTarget;
			buildConfigurationList = FC5D70C91C04591200B2E303 /* Build configuration list for PBXNativeTarget "NutriList" */;
			buildPhases = (
				FC5D709F1C04591100B2E303 /* Sources */,
				FC5D70A01C04591100B2E303 /* Frameworks */,
				FC5D70A11C04591100B2E303 /* Resources */,
			);
			buildRules = (
			);
			dependencies = (
			);
			name = NutriList;
			productName = NutriList;
			productReference = FC5D70A31C04591100B2E303 /* NutriList.app */;
			productType = "com.apple.product-type.application";
		};
		FC5D70BE1C04591200B2E303 /* NutriListTests */ = {
			isa = PBXNativeTarget;
			buildConfigurationList = FC5D70CC1C04591200B2E303 /* Build configuration list for PBXNativeTarget "NutriListTests" */;
			buildPhases = (
				FC5D70BB1C04591200B2E303 /* Sources */,
				FC5D70BC1C04591200B2E303 /* Frameworks */,
				FC5D70BD1C04591200B2E303 /* Resources */,
			);
			buildRules = (
			);
			dependencies = (
				FC5D70C11C04591200B2E303 /* PBXTargetDependency */,
			);
			name = NutriListTests;
			productName = NutriListTests;
			productReference = FC5D70BF1C04591200B2E303 /* NutriListTests.xctest */;
			productType = "com.apple.product-type.bundle.unit-test";
		};
/* End PBXNativeTarget section */

/* Begin PBXProject section */
		FC5D709B1C04591100B2E303 /* Project object */ = {
			isa = PBXProject;
			attributes = {
				LastUpgradeCheck = 0630;
				ORGANIZATIONNAME = "Leonardo Martin";
				TargetAttributes = {
					FC5D70A21C04591100B2E303 = {
						CreatedOnToolsVersion = 6.3;
					};
					FC5D70BE1C04591200B2E303 = {
						CreatedOnToolsVersion = 6.3;
						TestTargetID = FC5D70A21C04591100B2E303;
					};
				};
			};
			buildConfigurationList = FC5D709E1C04591100B2E303 /* Build configuration list for PBXProject "NutriList" */;
			compatibilityVersion = "Xcode 3.2";
			developmentRegion = English;
			hasScannedForEncodings = 0;
			knownRegions = (
				en,
				Base,
			);
			mainGroup = FC5D709A1C04591100B2E303;
			productRefGroup = FC5D70A41C04591100B2E303 /* Products */;
			projectDirPath = "";
			projectRoot = "";
			targets = (
				FC5D70A21C04591100B2E303 /* NutriList */,
				FC5D70BE1C04591200B2E303 /* NutriListTests */,
			);
		};
/* End PBXProject section */

/* Begin PBXResourcesBuildPhase section */
		FC5D70A11C04591100B2E303 /* Resources */ = {
			isa = PBXResourcesBuildPhase;
			buildActionMask = 2147483647;
			files = (
				FC5D70B51C04591100B2E303 /* Main.storyboard in Resources */,
				FC5D70BA1C04591100B2E303 /* LaunchScreen.xib in Resources */,
				FC5D70B71C04591100B2E303 /* Images.xcassets in Resources */,
			);
			runOnlyForDeploymentPostprocessing = 0;
		};
		FC5D70BD1C04591200B2E303 /* Resources */ = {
			isa = PBXResourcesBuildPhase;
			buildActionMask = 2147483647;
			files = (
			);
			runOnlyForDeploymentPostprocessing = 0;
		};
/* End PBXResourcesBuildPhase section */

/* Begin PBXSourcesBuildPhase section */
		FC5D709F1C04591100B2E303 /* Sources */ = {
			isa = PBXSourcesBuildPhase;
			buildActionMask = 2147483647;
			files = (
				FC5D70B21C04591100B2E303 /* CookbookListController.m in Sources */,
				FC5D70D71C045D0C00B2E303 /* ShoppingListController.m in Sources */,
				FC8EDC9D1C0789D10067D142 /* RecipeDetailController.m in Sources */,
				FC5D70AC1C04591100B2E303 /* AppDelegate.m in Sources */,
				FC5D70AF1C04591100B2E303 /* RecipeListController.m in Sources */,
				FC5D70A91C04591100B2E303 /* main.m in Sources */,
			);
			runOnlyForDeploymentPostprocessing = 0;
		};
		FC5D70BB1C04591200B2E303 /* Sources */ = {
			isa = PBXSourcesBuildPhase;
			buildActionMask = 2147483647;
			files = (
				FC5D70C61C04591200B2E303 /* NutriListTests.m in Sources */,
			);
			runOnlyForDeploymentPostprocessing = 0;
		};
/* End PBXSourcesBuildPhase section */

/* Begin PBXTargetDependency section */
		FC5D70C11C04591200B2E303 /* PBXTargetDependency */ = {
			isa = PBXTargetDependency;
			target = FC5D70A21C04591100B2E303 /* NutriList */;
			targetProxy = FC5D70C01C04591200B2E303 /* PBXContainerItemProxy */;
		};
/* End PBXTargetDependency section */

/* Begin PBXVariantGroup section */
		FC5D70B31C04591100B2E303 /* Main.storyboard */ = {
			isa = PBXVariantGroup;
			children = (
				FC5D70B41C04591100B2E303 /* Base */,
			);
			name = Main.storyboard;
			sourceTree = "<group>";
		};
		FC5D70B81C04591100B2E303 /* LaunchScreen.xib */ = {
			isa = PBXVariantGroup;
			children = (
				FC5D70B91C04591100B2E303 /* Base */,
			);
			name = LaunchScreen.xib;
			sourceTree = "<group>";
		};
/* End PBXVariantGroup section */

/* Begin XCBuildConfiguration section */
		FC5D70C71C04591200B2E303 /* Debug */ = {
			isa = XCBuildConfiguration;
			buildSettings = {
				ALWAYS_SEARCH_USER_PATHS = NO;
				CLANG_CXX_LANGUAGE_STANDARD = "gnu++0x";
				CLANG_CXX_LIBRARY = "libc++";
				CLANG_ENABLE_MODULES = YES;
				CLANG_ENABLE_OBJC_ARC = YES;
				CLANG_WARN_BOOL_CONVERSION = YES;
				CLANG_WARN_CONSTANT_CONVERSION = YES;
				CLANG_WARN_DIRECT_OBJC_ISA_USAGE = YES_ERROR;
				CLANG_WARN_EMPTY_BODY = YES;
				CLANG_WARN_ENUM_CONVERSION = YES;
				CLANG_WARN_INT_CONVERSION = YES;
				CLANG_WARN_OBJC_ROOT_CLASS = YES_ERROR;
				CLANG_WARN_UNREACHABLE_CODE = YES;
				CLANG_WARN__DUPLICATE_METHOD_MATCH = YES;
				"CODE_SIGN_IDENTITY[sdk=iphoneos*]" = "iPhone Developer";
				COPY_PHASE_STRIP = NO;
				DEBUG_INFORMATION_FORMAT = "dwarf-with-dsym";
				ENABLE_STRICT_OBJC_MSGSEND = YES;
				GCC_C_LANGUAGE_STANDARD = gnu99;
				GCC_DYNAMIC_NO_PIC = NO;
				GCC_NO_COMMON_BLOCKS = YES;
				GCC_OPTIMIZATION_LEVEL = 0;
				GCC_PREPROCESSOR_DEFINITIONS = (
					"DEBUG=1",
					"$(inherited)",
				);
				GCC_SYMBOLS_PRIVATE_EXTERN = NO;
				GCC_WARN_64_TO_32_BIT_CONVERSION = YES;
				GCC_WARN_ABOUT_RETURN_TYPE = YES_ERROR;
				GCC_WARN_UNDECLARED_SELECTOR = YES;
				GCC_WARN_UNINITIALIZED_AUTOS = YES_AGGRESSIVE;
				GCC_WARN_UNUSED_FUNCTION = YES;
				GCC_WARN_UNUSED_VARIABLE = YES;
				IPHONEOS_DEPLOYMENT_TARGET = 8.3;
				MTL_ENABLE_DEBUG_INFO = YES;
				ONLY_ACTIVE_ARCH = YES;
				SDKROOT = iphoneos;
				TARGETED_DEVICE_FAMILY = "1,2";
			};
			name = Debug;
		};
		FC5D70C81C04591200B2E303 /* Release */ = {
			isa = XCBuildConfiguration;
			buildSettings = {
				ALWAYS_SEARCH_USER_PATHS = NO;
				CLANG_CXX_LANGUAGE_STANDARD = "gnu++0x";
				CLANG_CXX_LIBRARY = "libc++";
				CLANG_ENABLE_MODULES = YES;
				CLANG_ENABLE_OBJC_ARC = YES;
				CLANG_WARN_BOOL_CONVERSION = YES;
				CLANG_WARN_CONSTANT_CONVERSION = YES;
				CLANG_WARN_DIRECT_OBJC_ISA_USAGE = YES_ERROR;
				CLANG_WARN_EMPTY_BODY = YES;
				CLANG_WARN_ENUM_CONVERSION = YES;
				CLANG_WARN_INT_CONVERSION = YES;
				CLANG_WARN_OBJC_ROOT_CLASS = YES_ERROR;
				CLANG_WARN_UNREACHABLE_CODE = YES;
				CLANG_WARN__DUPLICATE_METHOD_MATCH = YES;
				"CODE_SIGN_IDENTITY[sdk=iphoneos*]" = "iPhone Developer";
				COPY_PHASE_STRIP = NO;
				DEBUG_INFORMATION_FORMAT = "dwarf-with-dsym";
				ENABLE_NS_ASSERTIONS = NO;
				ENABLE_STRICT_OBJC_MSGSEND = YES;
				GCC_C_LANGUAGE_STANDARD = gnu99;
				GCC_NO_COMMON_BLOCKS = YES;
				GCC_WARN_64_TO_32_BIT_CONVERSION = YES;
				GCC_WARN_ABOUT_RETURN_TYPE = YES_ERROR;
				GCC_WARN_UNDECLARED_SELECTOR = YES;
				GCC_WARN_UNINITIALIZED_AUTOS = YES_AGGRESSIVE;
				GCC_WARN_UNUSED_FUNCTION = YES;
				GCC_WARN_UNUSED_VARIABLE = YES;
				IPHONEOS_DEPLOYMENT_TARGET = 8.3;
				MTL_ENABLE_DEBUG_INFO = NO;
				SDKROOT = iphoneos;
				TARGETED_DEVICE_FAMILY = "1,2";
				VALIDATE_PRODUCT = YES;
			};
			name = Release;
		};
		FC5D70CA1C04591200B2E303 /* Debug */ = {
			isa = XCBuildConfiguration;
			buildSettings = {
				ASSETCATALOG_COMPILER_APPICON_NAME = AppIcon;
				FRAMEWORK_SEARCH_PATHS = (
					"$(inherited)",
					"$(PROJECT_DIR)/NutriList/parse-library-1.10.0",
					"/Users/leonardomartin/Downloads/parse-library-1.10.0",
					"$(PROJECT_DIR)/Frameworks",
				);
				INFOPLIST_FILE = NutriList/Info.plist;
				LD_RUNPATH_SEARCH_PATHS = "$(inherited) @executable_path/Frameworks";
				LIBRARY_SEARCH_PATHS = (
					"$(inherited)",
					"$(PROJECT_DIR)/Frameworks",
				);
				PRODUCT_NAME = "$(TARGET_NAME)";
			};
			name = Debug;
		};
		FC5D70CB1C04591200B2E303 /* Release */ = {
			isa = XCBuildConfiguration;
			buildSettings = {
				ASSETCATALOG_COMPILER_APPICON_NAME = AppIcon;
				FRAMEWORK_SEARCH_PATHS = (
					"$(inherited)",
					"$(PROJECT_DIR)/NutriList/parse-library-1.10.0",
					"/Users/leonardomartin/Downloads/parse-library-1.10.0",
					"$(PROJECT_DIR)/Frameworks",
				);
				INFOPLIST_FILE = NutriList/Info.plist;
				LD_RUNPATH_SEARCH_PATHS = "$(inherited) @executable_path/Frameworks";
				LIBRARY_SEARCH_PATHS = (
					"$(inherited)",
					"$(PROJECT_DIR)/Frameworks",
				);
				PRODUCT_NAME = "$(TARGET_NAME)";
			};
			name = Release;
		};
		FC5D70CD1C04591200B2E303 /* Debug */ = {
			isa = XCBuildConfiguration;
			buildSettings = {
				BUNDLE_LOADER = "$(TEST_HOST)";
				FRAMEWORK_SEARCH_PATHS = (
					"$(SDKROOT)/Developer/Library/Frameworks",
					"$(inherited)",
				);
				GCC_PREPROCESSOR_DEFINITIONS = (
					"DEBUG=1",
					"$(inherited)",
				);
				INFOPLIST_FILE = NutriListTests/Info.plist;
				LD_RUNPATH_SEARCH_PATHS = "$(inherited) @executable_path/Frameworks @loader_path/Frameworks";
				PRODUCT_NAME = "$(TARGET_NAME)";
				TEST_HOST = "$(BUILT_PRODUCTS_DIR)/NutriList.app/NutriList";
			};
			name = Debug;
		};
		FC5D70CE1C04591200B2E303 /* Release */ = {
			isa = XCBuildConfiguration;
			buildSettings = {
				BUNDLE_LOADER = "$(TEST_HOST)";
				FRAMEWORK_SEARCH_PATHS = (
					"$(SDKROOT)/Developer/Library/Frameworks",
					"$(inherited)",
				);
				INFOPLIST_FILE = NutriListTests/Info.plist;
				LD_RUNPATH_SEARCH_PATHS = "$(inherited) @executable_path/Frameworks @loader_path/Frameworks";
				PRODUCT_NAME = "$(TARGET_NAME)";
				TEST_HOST = "$(BUILT_PRODUCTS_DIR)/NutriList.app/NutriList";
			};
			name = Release;
		};
/* End XCBuildConfiguration section */

/* Begin XCConfigurationList section */
		FC5D709E1C04591100B2E303 /* Build configuration list for PBXProject "NutriList" */ = {
			isa = XCConfigurationList;
			buildConfigurations = (
				FC5D70C71C04591200B2E303 /* Debug */,
				FC5D70C81C04591200B2E303 /* Release */,
			);
			defaultConfigurationIsVisible = 0;
			defaultConfigurationName = Release;
		};
		FC5D70C91C04591200B2E303 /* Build configuration list for PBXNativeTarget "NutriList" */ = {
			isa = XCConfigurationList;
			buildConfigurations = (
				FC5D70CA1C04591200B2E303 /* Debug */,
				FC5D70CB1C04591200B2E303 /* Release */,
			);
			defaultConfigurationIsVisible = 0;
			defaultConfigurationName = Release;
		};
		FC5D70CC1C04591200B2E303 /* Build configuration list for PBXNativeTarget "NutriListTests" */ = {
			isa = XCConfigurationList;
			buildConfigurations = (
				FC5D70CD1C04591200B2E303 /* Debug */,
				FC5D70CE1C04591200B2E303 /* Release */,
			);
			defaultConfigurationIsVisible = 0;
			defaultConfigurationName = Release;
		};
/* End XCConfigurationList section */
	};
	rootObject = FC5D709B1C04591100B2E303 /* Project object */;
}
